
Microsoft Visual Studio Solution File, Format Version 12.00
# Visual Studio Version 16
VisualStudioVersion = 16.0.33927.289
MinimumVisualStudioVersion = 10.0.40219.1
Project("{2150E333-8FDC-42A3-9474-1A3956D46DE8}") = "Task0", "Task0", "{5DE41257-F6D6-4F1C-9B37-9CA56020AAE0}"
EndProject
Project("{FAE04EC0-301F-11D3-BF4B-00C04F79EFBC}") = "Tyuiu.FallinGS.Sprint1.Task0.V13", "Tyuiu.FallinGS.Sprint1.Task0.V13\Tyuiu.FallinGS.Sprint1.Task0.V13.csproj", "{2513CCE6-0DDB-4588-A62B-00A116E68F84}"
EndProject
Project("{FAE04EC0-301F-11D3-BF4B-00C04F79EFBC}") = "Tyuiu.FallinGS.Sprint1.Task0.V13.Lib", "Tyuiu.FallinGS.Sprint1.Task0.V13.Lib\Tyuiu.FallinGS.Sprint1.Task0.V13.Lib.csproj", "{225267A2-0774-4496-8FFF-3B1ECB02E997}"
EndProject
Project("{FAE04EC0-301F-11D3-BF4B-00C04F79EFBC}") = "Tyuiu.FallinGS.Sprint1.Task0.V13.Test", "Tyuiu.FallinGS.Sprint1.Task0.V13.Test\Tyuiu.FallinGS.Sprint1.Task0.V13.Test.csproj", "{4F2B7892-1829-4E35-AE72-83F4BDB1FDC0}"
EndProject
Project("{2150E333-8FDC-42A3-9474-1A3956D46DE8}") = "Task1", "Task1", "{BB493A26-7577-4EB0-9267-46EF1A258022}"
EndProject
Project("{FAE04EC0-301F-11D3-BF4B-00C04F79EFBC}") = "Tyuiu.FallinGS.Sprint1.Task1.V23", "Tyuiu.FallinGS.Sprint1.Task1.V23\Tyuiu.FallinGS.Sprint1.Task1.V23.csproj", "{893D6D33-259D-44D2-9C13-24B43DFA6393}"
EndProject
Project("{FAE04EC0-301F-11D3-BF4B-00C04F79EFBC}") = "Tyuiu.FallinGS.Sprint1.Task1.V23.Lib", "Tyuiu.FallinGS.Sprint1.Task1.V23.Lib\Tyuiu.FallinGS.Sprint1.Task1.V23.Lib.csproj", "{167C0482-8977-4C18-9D66-D5B283C68E3B}"
EndProject
Project("{FAE04EC0-301F-11D3-BF4B-00C04F79EFBC}") = "Tyuiu.FallinGS.Sprint1.Task1.V23.Test", "Tyuiu.FallinGS.Sprint1.Task1.V23.Test\Tyuiu.FallinGS.Sprint1.Task1.V23.Test.csproj", "{09011C05-429F-4304-9855-0D1273B07C6A}"
EndProject
Project("{2150E333-8FDC-42A3-9474-1A3956D46DE8}") = "Task2", "Task2", "{9D2940BB-5CE4-4989-B974-AB0531646D99}"
EndProject
Project("{FAE04EC0-301F-11D3-BF4B-00C04F79EFBC}") = "Tyuiu.FallinGS.Sprint1.Task2.V15", "Tyuiu.FallinGS.Sprint1.Task2.V15\Tyuiu.FallinGS.Sprint1.Task2.V15.csproj", "{0BEA4417-4025-4A7E-B902-55B3F5E388B0}"
EndProject
Project("{FAE04EC0-301F-11D3-BF4B-00C04F79EFBC}") = "Tyuiu.FallinGS.Sprint1.Task2.V15.Test", "Tyuiu.FallinGS.Sprint1.Task2.V15.Test\Tyuiu.FallinGS.Sprint1.Task2.V15.Test.csproj", "{4F9BFEA5-6D64-40CD-8ADA-46D587212D4D}"
EndProject
Project("{FAE04EC0-301F-11D3-BF4B-00C04F79EFBC}") = "Tyuiu.FallinGS.Sprint1.Task2.V15.Lib", "Tyuiu.FallinGS.Sprint1.Task2.V15.Lib\Tyuiu.FallinGS.Sprint1.Task2.V15.Lib.csproj", "{753C95D7-965D-4A28-A8E0-148AB989CBC4}"
EndProject
Project("{2150E333-8FDC-42A3-9474-1A3956D46DE8}") = "Task3", "Task3", "{97536920-EE43-47D1-BC94-02D038ABE501}"
EndProject
Project("{FAE04EC0-301F-11D3-BF4B-00C04F79EFBC}") = "Tyuiu.FallinGS.Sprint1.Task3.V14", "Tyuiu.FallinGS.Sprint1.Task3.V14\Tyuiu.FallinGS.Sprint1.Task3.V14.csproj", "{053B627C-5BCC-4A52-9F8A-308D242DB505}"
EndProject
Project("{FAE04EC0-301F-11D3-BF4B-00C04F79EFBC}") = "Tyuiu.FallinGS.Sprint1.Task3.V14.Test", "Tyuiu.FallinGS.Sprint1.Task3.V14.Test\Tyuiu.FallinGS.Sprint1.Task3.V14.Test.csproj", "{619C3023-EBC0-4C02-A075-6E463109E561}"
EndProject
Project("{FAE04EC0-301F-11D3-BF4B-00C04F79EFBC}") = "Tyuiu.FallinGS.Sprint1.Task3.V14.Lib", "Tyuiu.FallinGS.Sprint1.Task3.V14.Lib\Tyuiu.FallinGS.Sprint1.Task3.V14.Lib.csproj", "{7979A04D-F3BB-443D-9395-72F7D0653A98}"
EndProject
Project("{2150E333-8FDC-42A3-9474-1A3956D46DE8}") = "Task4", "Task4", "{89124CEC-B0EA-43F9-BBB5-D90329D51D52}"
EndProject
Project("{FAE04EC0-301F-11D3-BF4B-00C04F79EFBC}") = "Tyuiu.FallinGS.Sprint1.Task4.V29", "Tyuiu.FallinGS.Sprint1.Task4.V29\Tyuiu.FallinGS.Sprint1.Task4.V29.csproj", "{C6DD9900-125F-4436-A97A-5087B0D81BDC}"
EndProject
Project("{FAE04EC0-301F-11D3-BF4B-00C04F79EFBC}") = "Tyuiu.FallinGS.Sprint1.Task4.V29.Lib", "Tyuiu.FallinGS.Sprint1.Task4.V29.Lib\Tyuiu.FallinGS.Sprint1.Task4.V29.Lib.csproj", "{EAD8D0C1-4EA8-4A53-B58D-4EFE26DC00C5}"
EndProject
Project("{FAE04EC0-301F-11D3-BF4B-00C04F79EFBC}") = "Tyuiu.FallinGS.Sprint1.Task4.V29.Test", "Tyuiu.FallinGS.Sprint1.Task4.V29.Test\Tyuiu.FallinGS.Sprint1.Task4.V29.Test.csproj", "{8E3D7808-A885-471E-9B73-58D30B1C0320}"
EndProject
Project("{2150E333-8FDC-42A3-9474-1A3956D46DE8}") = "Task5", "Task5", "{E8586CF5-F27A-413C-BCFD-B046A61F0448}"
EndProject
Project("{FAE04EC0-301F-11D3-BF4B-00C04F79EFBC}") = "Tyuiu.FallinGS.Sprint1.Task5.V3", "Tyuiu.FallinGS.Sprint1.Task5.V3\Tyuiu.FallinGS.Sprint1.Task5.V3.csproj", "{8AA63064-CD03-4A04-9085-E08FDD797386}"
EndProject
Project("{FAE04EC0-301F-11D3-BF4B-00C04F79EFBC}") = "Tyuiu.FallinGS.Sprint1.Task5.V3.Test", "Tyuiu.FallinGS.Sprint1.Task5.V3.Test\Tyuiu.FallinGS.Sprint1.Task5.V3.Test.csproj", "{B8F61EFB-30D3-4701-8DD7-80782F1F5E31}"
EndProject
Project("{FAE04EC0-301F-11D3-BF4B-00C04F79EFBC}") = "Tyuiu.FallinGS.Sprint1.Task5.V3.Lib", "Tyuiu.FallinGS.Sprint1.Task5.V3.Lib\Tyuiu.FallinGS.Sprint1.Task5.V3.Lib.csproj", "{0F07761F-4C57-4767-873E-C6A645FE1ED4}"
EndProject
Project("{2150E333-8FDC-42A3-9474-1A3956D46DE8}") = "Task6", "Task6", "{2073961E-0F45-47F5-A698-41526852EC28}"
EndProject
Project("{2150E333-8FDC-42A3-9474-1A3956D46DE8}") = "Task7", "Task7", "{284FF595-498B-4732-A772-E2ABE911B15B}"
EndProject
Project("{FAE04EC0-301F-11D3-BF4B-00C04F79EFBC}") = "Tyuiu.FallinGS.Sprint1.Task6.V3", "Tyuiu.FallinGS.Sprint1.Task6.V3\Tyuiu.FallinGS.Sprint1.Task6.V3.csproj", "{0F66BD51-3BDB-4989-ABE0-2DE0473440AB}"
EndProject
Project("{FAE04EC0-301F-11D3-BF4B-00C04F79EFBC}") = "Tyuiu.FallinGS.Sprint1.Task6.V3.Lib", "Tyuiu.FallinGS.Sprint1.Task6.V3.Lib\Tyuiu.FallinGS.Sprint1.Task6.V3.Lib.csproj", "{6D05DC90-8952-4985-A501-D5D050407526}"
EndProject
Project("{FAE04EC0-301F-11D3-BF4B-00C04F79EFBC}") = "Tyuiu.FallinGS.Sprint1.Task6.V3.Test", "Tyuiu.FallinGS.Sprint1.Task6.V3.Test\Tyuiu.FallinGS.Sprint1.Task6.V3.Test.csproj", "{ADA425F3-CE4A-4C4D-986B-D98886AC429D}"
EndProject
Project("{FAE04EC0-301F-11D3-BF4B-00C04F79EFBC}") = "Tyuiu.FallinGS.Sprint1.Task7.V20", "Tyuiu.FallinGS.Sprint1.Task7.V20\Tyuiu.FallinGS.Sprint1.Task7.V20.csproj", "{7C43665A-D25C-4507-A604-692BBE083920}"
EndProject
Project("{FAE04EC0-301F-11D3-BF4B-00C04F79EFBC}") = "Tyuiu.FallinGS.Sprint1.Task7.V20.Test", "Tyuiu.FallinGS.Sprint1.Task7.V20.Test\Tyuiu.FallinGS.Sprint1.Task7.V20.Test.csproj", "{867D74B2-A388-4B31-9C32-2BF7FC882B77}"
EndProject
Project("{FAE04EC0-301F-11D3-BF4B-00C04F79EFBC}") = "Tyuiu.FallinGS.Sprint1.Task7.V20.Lib", "Tyuiu.FallinGS.Sprint1.Task7.V20.Lib\Tyuiu.FallinGS.Sprint1.Task7.V20.Lib.csproj", "{BCF16BF2-9AD6-40CE-A1C0-4C5ACCA7A842}"
EndProject
Global
	GlobalSection(SolutionConfigurationPlatforms) = preSolution
		Debug|Any CPU = Debug|Any CPU
		Release|Any CPU = Release|Any CPU
	EndGlobalSection
	GlobalSection(ProjectConfigurationPlatforms) = postSolution
		{2513CCE6-0DDB-4588-A62B-00A116E68F84}.Debug|Any CPU.ActiveCfg = Debug|Any CPU
		{2513CCE6-0DDB-4588-A62B-00A116E68F84}.Debug|Any CPU.Build.0 = Debug|Any CPU
		{2513CCE6-0DDB-4588-A62B-00A116E68F84}.Release|Any CPU.ActiveCfg = Release|Any CPU
		{2513CCE6-0DDB-4588-A62B-00A116E68F84}.Release|Any CPU.Build.0 = Release|Any CPU
		{225267A2-0774-4496-8FFF-3B1ECB02E997}.Debug|Any CPU.ActiveCfg = Debug|Any CPU
		{225267A2-0774-4496-8FFF-3B1ECB02E997}.Debug|Any CPU.Build.0 = Debug|Any CPU
		{225267A2-0774-4496-8FFF-3B1ECB02E997}.Release|Any CPU.ActiveCfg = Release|Any CPU
		{225267A2-0774-4496-8FFF-3B1ECB02E997}.Release|Any CPU.Build.0 = Release|Any CPU
		{4F2B7892-1829-4E35-AE72-83F4BDB1FDC0}.Debug|Any CPU.ActiveCfg = Debug|Any CPU
		{4F2B7892-1829-4E35-AE72-83F4BDB1FDC0}.Debug|Any CPU.Build.0 = Debug|Any CPU
		{4F2B7892-1829-4E35-AE72-83F4BDB1FDC0}.Release|Any CPU.ActiveCfg = Release|Any CPU
		{4F2B7892-1829-4E35-AE72-83F4BDB1FDC0}.Release|Any CPU.Build.0 = Release|Any CPU
		{893D6D33-259D-44D2-9C13-24B43DFA6393}.Debug|Any CPU.ActiveCfg = Debug|Any CPU
		{893D6D33-259D-44D2-9C13-24B43DFA6393}.Debug|Any CPU.Build.0 = Debug|Any CPU
		{893D6D33-259D-44D2-9C13-24B43DFA6393}.Release|Any CPU.ActiveCfg = Release|Any CPU
		{893D6D33-259D-44D2-9C13-24B43DFA6393}.Release|Any CPU.Build.0 = Release|Any CPU
		{167C0482-8977-4C18-9D66-D5B283C68E3B}.Debug|Any CPU.ActiveCfg = Debug|Any CPU
		{167C0482-8977-4C18-9D66-D5B283C68E3B}.Debug|Any CPU.Build.0 = Debug|Any CPU
		{167C0482-8977-4C18-9D66-D5B283C68E3B}.Release|Any CPU.ActiveCfg = Release|Any CPU
		{167C0482-8977-4C18-9D66-D5B283C68E3B}.Release|Any CPU.Build.0 = Release|Any CPU
		{09011C05-429F-4304-9855-0D1273B07C6A}.Debug|Any CPU.ActiveCfg = Debug|Any CPU
		{09011C05-429F-4304-9855-0D1273B07C6A}.Debug|Any CPU.Build.0 = Debug|Any CPU
		{09011C05-429F-4304-9855-0D1273B07C6A}.Release|Any CPU.ActiveCfg = Release|Any CPU
		{09011C05-429F-4304-9855-0D1273B07C6A}.Release|Any CPU.Build.0 = Release|Any CPU
		{0BEA4417-4025-4A7E-B902-55B3F5E388B0}.Debug|Any CPU.ActiveCfg = Debug|Any CPU
		{0BEA4417-4025-4A7E-B902-55B3F5E388B0}.Debug|Any CPU.Build.0 = Debug|Any CPU
		{0BEA4417-4025-4A7E-B902-55B3F5E388B0}.Release|Any CPU.ActiveCfg = Release|Any CPU
		{0BEA4417-4025-4A7E-B902-55B3F5E388B0}.Release|Any CPU.Build.0 = Release|Any CPU
		{4F9BFEA5-6D64-40CD-8ADA-46D587212D4D}.Debug|Any CPU.ActiveCfg = Debug|Any CPU
		{4F9BFEA5-6D64-40CD-8ADA-46D587212D4D}.Debug|Any CPU.Build.0 = Debug|Any CPU
		{4F9BFEA5-6D64-40CD-8ADA-46D587212D4D}.Release|Any CPU.ActiveCfg = Release|Any CPU
		{4F9BFEA5-6D64-40CD-8ADA-46D587212D4D}.Release|Any CPU.Build.0 = Release|Any CPU
		{753C95D7-965D-4A28-A8E0-148AB989CBC4}.Debug|Any CPU.ActiveCfg = Debug|Any CPU
		{753C95D7-965D-4A28-A8E0-148AB989CBC4}.Debug|Any CPU.Build.0 = Debug|Any CPU
		{753C95D7-965D-4A28-A8E0-148AB989CBC4}.Release|Any CPU.ActiveCfg = Release|Any CPU
		{753C95D7-965D-4A28-A8E0-148AB989CBC4}.Release|Any CPU.Build.0 = Release|Any CPU
		{053B627C-5BCC-4A52-9F8A-308D242DB505}.Debug|Any CPU.ActiveCfg = Debug|Any CPU
		{053B627C-5BCC-4A52-9F8A-308D242DB505}.Debug|Any CPU.Build.0 = Debug|Any CPU
		{053B627C-5BCC-4A52-9F8A-308D242DB505}.Release|Any CPU.ActiveCfg = Release|Any CPU
		{053B627C-5BCC-4A52-9F8A-308D242DB505}.Release|Any CPU.Build.0 = Release|Any CPU
		{619C3023-EBC0-4C02-A075-6E463109E561}.Debug|Any CPU.ActiveCfg = Debug|Any CPU
		{619C3023-EBC0-4C02-A075-6E463109E561}.Debug|Any CPU.Build.0 = Debug|Any CPU
		{619C3023-EBC0-4C02-A075-6E463109E561}.Release|Any CPU.ActiveCfg = Release|Any CPU
		{619C3023-EBC0-4C02-A075-6E463109E561}.Release|Any CPU.Build.0 = Release|Any CPU
		{7979A04D-F3BB-443D-9395-72F7D0653A98}.Debug|Any CPU.ActiveCfg = Debug|Any CPU
		{7979A04D-F3BB-443D-9395-72F7D0653A98}.Debug|Any CPU.Build.0 = Debug|Any CPU
		{7979A04D-F3BB-443D-9395-72F7D0653A98}.Release|Any CPU.ActiveCfg = Release|Any CPU
		{7979A04D-F3BB-443D-9395-72F7D0653A98}.Release|Any CPU.Build.0 = Release|Any CPU
		{C6DD9900-125F-4436-A97A-5087B0D81BDC}.Debug|Any CPU.ActiveCfg = Debug|Any CPU
		{C6DD9900-125F-4436-A97A-5087B0D81BDC}.Debug|Any CPU.Build.0 = Debug|Any CPU
		{C6DD9900-125F-4436-A97A-5087B0D81BDC}.Release|Any CPU.ActiveCfg = Release|Any CPU
		{C6DD9900-125F-4436-A97A-5087B0D81BDC}.Release|Any CPU.Build.0 = Release|Any CPU
		{EAD8D0C1-4EA8-4A53-B58D-4EFE26DC00C5}.Debug|Any CPU.ActiveCfg = Debug|Any CPU
		{EAD8D0C1-4EA8-4A53-B58D-4EFE26DC00C5}.Debug|Any CPU.Build.0 = Debug|Any CPU
		{EAD8D0C1-4EA8-4A53-B58D-4EFE26DC00C5}.Release|Any CPU.ActiveCfg = Release|Any CPU
		{EAD8D0C1-4EA8-4A53-B58D-4EFE26DC00C5}.Release|Any CPU.Build.0 = Release|Any CPU
		{8E3D7808-A885-471E-9B73-58D30B1C0320}.Debug|Any CPU.ActiveCfg = Debug|Any CPU
		{8E3D7808-A885-471E-9B73-58D30B1C0320}.Debug|Any CPU.Build.0 = Debug|Any CPU
		{8E3D7808-A885-471E-9B73-58D30B1C0320}.Release|Any CPU.ActiveCfg = Release|Any CPU
		{8E3D7808-A885-471E-9B73-58D30B1C0320}.Release|Any CPU.Build.0 = Release|Any CPU
		{8AA63064-CD03-4A04-9085-E08FDD797386}.Debug|Any CPU.ActiveCfg = Debug|Any CPU
		{8AA63064-CD03-4A04-9085-E08FDD797386}.Debug|Any CPU.Build.0 = Debug|Any CPU
		{8AA63064-CD03-4A04-9085-E08FDD797386}.Release|Any CPU.ActiveCfg = Release|Any CPU
		{8AA63064-CD03-4A04-9085-E08FDD797386}.Release|Any CPU.Build.0 = Release|Any CPU
		{B8F61EFB-30D3-4701-8DD7-80782F1F5E31}.Debug|Any CPU.ActiveCfg = Debug|Any CPU
		{B8F61EFB-30D3-4701-8DD7-80782F1F5E31}.Debug|Any CPU.Build.0 = Debug|Any CPU
		{B8F61EFB-30D3-4701-8DD7-80782F1F5E31}.Release|Any CPU.ActiveCfg = Release|Any CPU
		{B8F61EFB-30D3-4701-8DD7-80782F1F5E31}.Release|Any CPU.Build.0 = Release|Any CPU
		{0F07761F-4C57-4767-873E-C6A645FE1ED4}.Debug|Any CPU.ActiveCfg = Debug|Any CPU
		{0F07761F-4C57-4767-873E-C6A645FE1ED4}.Debug|Any CPU.Build.0 = Debug|Any CPU
		{0F07761F-4C57-4767-873E-C6A645FE1ED4}.Release|Any CPU.ActiveCfg = Release|Any CPU
		{0F07761F-4C57-4767-873E-C6A645FE1ED4}.Release|Any CPU.Build.0 = Release|Any CPU
		{0F66BD51-3BDB-4989-ABE0-2DE0473440AB}.Debug|Any CPU.ActiveCfg = Debug|Any CPU
		{0F66BD51-3BDB-4989-ABE0-2DE0473440AB}.Debug|Any CPU.Build.0 = Debug|Any CPU
		{0F66BD51-3BDB-4989-ABE0-2DE0473440AB}.Release|Any CPU.ActiveCfg = Release|Any CPU
		{0F66BD51-3BDB-4989-ABE0-2DE0473440AB}.Release|Any CPU.Build.0 = Release|Any CPU
		{6D05DC90-8952-4985-A501-D5D050407526}.Debug|Any CPU.ActiveCfg = Debug|Any CPU
		{6D05DC90-8952-4985-A501-D5D050407526}.Debug|Any CPU.Build.0 = Debug|Any CPU
		{6D05DC90-8952-4985-A501-D5D050407526}.Release|Any CPU.ActiveCfg = Release|Any CPU
		{6D05DC90-8952-4985-A501-D5D050407526}.Release|Any CPU.Build.0 = Release|Any CPU
		{ADA425F3-CE4A-4C4D-986B-D98886AC429D}.Debug|Any CPU.ActiveCfg = Debug|Any CPU
		{ADA425F3-CE4A-4C4D-986B-D98886AC429D}.Debug|Any CPU.Build.0 = Debug|Any CPU
		{ADA425F3-CE4A-4C4D-986B-D98886AC429D}.Release|Any CPU.ActiveCfg = Release|Any CPU
		{ADA425F3-CE4A-4C4D-986B-D98886AC429D}.Release|Any CPU.Build.0 = Release|Any CPU
		{7C43665A-D25C-4507-A604-692BBE083920}.Debug|Any CPU.ActiveCfg = Debug|Any CPU
		{7C43665A-D25C-4507-A604-692BBE083920}.Debug|Any CPU.Build.0 = Debug|Any CPU
		{7C43665A-D25C-4507-A604-692BBE083920}.Release|Any CPU.ActiveCfg = Release|Any CPU
		{7C43665A-D25C-4507-A604-692BBE083920}.Release|Any CPU.Build.0 = Release|Any CPU
		{867D74B2-A388-4B31-9C32-2BF7FC882B77}.Debug|Any CPU.ActiveCfg = Debug|Any CPU
		{867D74B2-A388-4B31-9C32-2BF7FC882B77}.Debug|Any CPU.Build.0 = Debug|Any CPU
		{867D74B2-A388-4B31-9C32-2BF7FC882B77}.Release|Any CPU.ActiveCfg = Release|Any CPU
		{867D74B2-A388-4B31-9C32-2BF7FC882B77}.Release|Any CPU.Build.0 = Release|Any CPU
		{BCF16BF2-9AD6-40CE-A1C0-4C5ACCA7A842}.Debug|Any CPU.ActiveCfg = Debug|Any CPU
		{BCF16BF2-9AD6-40CE-A1C0-4C5ACCA7A842}.Debug|Any CPU.Build.0 = Debug|Any CPU
		{BCF16BF2-9AD6-40CE-A1C0-4C5ACCA7A842}.Release|Any CPU.ActiveCfg = Release|Any CPU
		{BCF16BF2-9AD6-40CE-A1C0-4C5ACCA7A842}.Release|Any CPU.Build.0 = Release|Any CPU
	EndGlobalSection
	GlobalSection(SolutionProperties) = preSolution
		HideSolutionNode = FALSE
	EndGlobalSection
	GlobalSection(NestedProjects) = preSolution
		{2513CCE6-0DDB-4588-A62B-00A116E68F84} = {5DE41257-F6D6-4F1C-9B37-9CA56020AAE0}
		{225267A2-0774-4496-8FFF-3B1ECB02E997} = {5DE41257-F6D6-4F1C-9B37-9CA56020AAE0}
		{4F2B7892-1829-4E35-AE72-83F4BDB1FDC0} = {5DE41257-F6D6-4F1C-9B37-9CA56020AAE0}
		{893D6D33-259D-44D2-9C13-24B43DFA6393} = {BB493A26-7577-4EB0-9267-46EF1A258022}
		{167C0482-8977-4C18-9D66-D5B283C68E3B} = {BB493A26-7577-4EB0-9267-46EF1A258022}
		{09011C05-429F-4304-9855-0D1273B07C6A} = {BB493A26-7577-4EB0-9267-46EF1A258022}
		{0BEA4417-4025-4A7E-B902-55B3F5E388B0} = {9D2940BB-5CE4-4989-B974-AB0531646D99}
		{4F9BFEA5-6D64-40CD-8ADA-46D587212D4D} = {9D2940BB-5CE4-4989-B974-AB0531646D99}
		{753C95D7-965D-4A28-A8E0-148AB989CBC4} = {9D2940BB-5CE4-4989-B974-AB0531646D99}
		{053B627C-5BCC-4A52-9F8A-308D242DB505} = {97536920-EE43-47D1-BC94-02D038ABE501}
		{619C3023-EBC0-4C02-A075-6E463109E561} = {97536920-EE43-47D1-BC94-02D038ABE501}
		{7979A04D-F3BB-443D-9395-72F7D0653A98} = {97536920-EE43-47D1-BC94-02D038ABE501}
		{C6DD9900-125F-4436-A97A-5087B0D81BDC} = {89124CEC-B0EA-43F9-BBB5-D90329D51D52}
		{EAD8D0C1-4EA8-4A53-B58D-4EFE26DC00C5} = {89124CEC-B0EA-43F9-BBB5-D90329D51D52}
		{8E3D7808-A885-471E-9B73-58D30B1C0320} = {89124CEC-B0EA-43F9-BBB5-D90329D51D52}
		{8AA63064-CD03-4A04-9085-E08FDD797386} = {E8586CF5-F27A-413C-BCFD-B046A61F0448}
		{B8F61EFB-30D3-4701-8DD7-80782F1F5E31} = {E8586CF5-F27A-413C-BCFD-B046A61F0448}
		{0F07761F-4C57-4767-873E-C6A645FE1ED4} = {E8586CF5-F27A-413C-BCFD-B046A61F0448}
		{0F66BD51-3BDB-4989-ABE0-2DE0473440AB} = {2073961E-0F45-47F5-A698-41526852EC28}
		{6D05DC90-8952-4985-A501-D5D050407526} = {2073961E-0F45-47F5-A698-41526852EC28}
		{ADA425F3-CE4A-4C4D-986B-D98886AC429D} = {2073961E-0F45-47F5-A698-41526852EC28}
		{7C43665A-D25C-4507-A604-692BBE083920} = {284FF595-498B-4732-A772-E2ABE911B15B}
		{867D74B2-A388-4B31-9C32-2BF7FC882B77} = {284FF595-498B-4732-A772-E2ABE911B15B}
		{BCF16BF2-9AD6-40CE-A1C0-4C5ACCA7A842} = {284FF595-498B-4732-A772-E2ABE911B15B}
	EndGlobalSection
	GlobalSection(ExtensibilityGlobals) = postSolution
		SolutionGuid = {C2972AE4-8AE6-4380-A852-1D29BA54709F}
	EndGlobalSection
EndGlobal
