
Microsoft Visual Studio Solution File, Format Version 12.00
# Visual Studio Version 16
VisualStudioVersion = 16.0.33927.289
MinimumVisualStudioVersion = 10.0.40219.1
Project("{2150E333-8FDC-42A3-9474-1A3956D46DE8}") = "Task0", "Task0", "{5DE41257-F6D6-4F1C-9B37-9CA56020AAE0}"
EndProject
Project("{FAE04EC0-301F-11D3-BF4B-00C04F79EFBC}") = "Tyuiu.FallinGS.Sprint1.Task0.V13", "Tyuiu.FallinGS.Sprint1.Task0.V13\Tyuiu.FallinGS.Sprint1.Task0.V13.csproj", "{2513CCE6-0DDB-4588-A62B-00A116E68F84}"
EndProject
Project("{FAE04EC0-301F-11D3-BF4B-00C04F79EFBC}") = "Tyuiu.FallinGS.Sprint1.Task0.V13.Lib", "Tyuiu.FallinGS.Sprint1.Task0.V13.Lib\Tyuiu.FallinGS.Sprint1.Task0.V13.Lib.csproj", "{225267A2-0774-4496-8FFF-3B1ECB02E997}"
EndProject
Project("{FAE04EC0-301F-11D3-BF4B-00C04F79EFBC}") = "Tyuiu.FallinGS.Sprint1.Task0.V13.Test", "Tyuiu.FallinGS.Sprint1.Task0.V13.Test\Tyuiu.FallinGS.Sprint1.Task0.V13.Test.csproj", "{4F2B7892-1829-4E35-AE72-83F4BDB1FDC0}"
EndProject
Project("{2150E333-8FDC-42A3-9474-1A3956D46DE8}") = "Task1", "Task1", "{BB493A26-7577-4EB0-9267-46EF1A258022}"
EndProject
Project("{FAE04EC0-301F-11D3-BF4B-00C04F79EFBC}") = "Tyuiu.FallinGS.Sprint1.Task1.V23", "Tyuiu.FallinGS.Sprint1.Task1.V23\Tyuiu.FallinGS.Sprint1.Task1.V23.csproj", "{893D6D33-259D-44D2-9C13-24B43DFA6393}"
EndProject
Project("{FAE04EC0-301F-11D3-BF4B-00C04F79EFBC}") = "Tyuiu.FallinGS.Sprint1.Task1.V23.Lib", "Tyuiu.FallinGS.Sprint1.Task1.V23.Lib\Tyuiu.FallinGS.Sprint1.Task1.V23.Lib.csproj", "{167C0482-8977-4C18-9D66-D5B283C68E3B}"
EndProject
Project("{FAE04EC0-301F-11D3-BF4B-00C04F79EFBC}") = "Tyuiu.FallinGS.Sprint1.Task1.V23.Test", "Tyuiu.FallinGS.Sprint1.Task1.V23.Test\Tyuiu.FallinGS.Sprint1.Task1.V23.Test.csproj", "{09011C05-429F-4304-9855-0D1273B07C6A}"
EndProject
Project("{2150E333-8FDC-42A3-9474-1A3956D46DE8}") = "Task2", "Task2", "{9D2940BB-5CE4-4989-B974-AB0531646D99}"
EndProject
Project("{FAE04EC0-301F-11D3-BF4B-00C04F79EFBC}") = "Tyuiu.FallinGS.Sprint1.Task2.V15", "Tyuiu.FallinGS.Sprint1.Task2.V15\Tyuiu.FallinGS.Sprint1.Task2.V15.csproj", "{0BEA4417-4025-4A7E-B902-55B3F5E388B0}"
EndProject
Project("{FAE04EC0-301F-11D3-BF4B-00C04F79EFBC}") = "Tyuiu.FallinGS.Sprint1.Task2.V15.Test", "Tyuiu.FallinGS.Sprint1.Task2.V15.Test\Tyuiu.FallinGS.Sprint1.Task2.V15.Test.csproj", "{4F9BFEA5-6D64-40CD-8ADA-46D587212D4D}"
EndProject
Project("{FAE04EC0-301F-11D3-BF4B-00C04F79EFBC}") = "Tyuiu.FallinGS.Sprint1.Task2.V15.Lib", "Tyuiu.FallinGS.Sprint1.Task2.V15.Lib\Tyuiu.FallinGS.Sprint1.Task2.V15.Lib.csproj", "{753C95D7-965D-4A28-A8E0-148AB989CBC4}"
EndProject
Global
	GlobalSection(SolutionConfigurationPlatforms) = preSolution
		Debug|Any CPU = Debug|Any CPU
		Release|Any CPU = Release|Any CPU
	EndGlobalSection
	GlobalSection(ProjectConfigurationPlatforms) = postSolution
		{2513CCE6-0DDB-4588-A62B-00A116E68F84}.Debug|Any CPU.ActiveCfg = Debug|Any CPU
		{2513CCE6-0DDB-4588-A62B-00A116E68F84}.Debug|Any CPU.Build.0 = Debug|Any CPU
		{2513CCE6-0DDB-4588-A62B-00A116E68F84}.Release|Any CPU.ActiveCfg = Release|Any CPU
		{2513CCE6-0DDB-4588-A62B-00A116E68F84}.Release|Any CPU.Build.0 = Release|Any CPU
		{225267A2-0774-4496-8FFF-3B1ECB02E997}.Debug|Any CPU.ActiveCfg = Debug|Any CPU
		{225267A2-0774-4496-8FFF-3B1ECB02E997}.Debug|Any CPU.Build.0 = Debug|Any CPU
		{225267A2-0774-4496-8FFF-3B1ECB02E997}.Release|Any CPU.ActiveCfg = Release|Any CPU
		{225267A2-0774-4496-8FFF-3B1ECB02E997}.Release|Any CPU.Build.0 = Release|Any CPU
		{4F2B7892-1829-4E35-AE72-83F4BDB1FDC0}.Debug|Any CPU.ActiveCfg = Debug|Any CPU
		{4F2B7892-1829-4E35-AE72-83F4BDB1FDC0}.Debug|Any CPU.Build.0 = Debug|Any CPU
		{4F2B7892-1829-4E35-AE72-83F4BDB1FDC0}.Release|Any CPU.ActiveCfg = Release|Any CPU
		{4F2B7892-1829-4E35-AE72-83F4BDB1FDC0}.Release|Any CPU.Build.0 = Release|Any CPU
		{893D6D33-259D-44D2-9C13-24B43DFA6393}.Debug|Any CPU.ActiveCfg = Debug|Any CPU
		{893D6D33-259D-44D2-9C13-24B43DFA6393}.Debug|Any CPU.Build.0 = Debug|Any CPU
		{893D6D33-259D-44D2-9C13-24B43DFA6393}.Release|Any CPU.ActiveCfg = Release|Any CPU
		{893D6D33-259D-44D2-9C13-24B43DFA6393}.Release|Any CPU.Build.0 = Release|Any CPU
		{167C0482-8977-4C18-9D66-D5B283C68E3B}.Debug|Any CPU.ActiveCfg = Debug|Any CPU
		{167C0482-8977-4C18-9D66-D5B283C68E3B}.Debug|Any CPU.Build.0 = Debug|Any CPU
		{167C0482-8977-4C18-9D66-D5B283C68E3B}.Release|Any CPU.ActiveCfg = Release|Any CPU
		{167C0482-8977-4C18-9D66-D5B283C68E3B}.Release|Any CPU.Build.0 = Release|Any CPU
		{09011C05-429F-4304-9855-0D1273B07C6A}.Debug|Any CPU.ActiveCfg = Debug|Any CPU
		{09011C05-429F-4304-9855-0D1273B07C6A}.Debug|Any CPU.Build.0 = Debug|Any CPU
		{09011C05-429F-4304-9855-0D1273B07C6A}.Release|Any CPU.ActiveCfg = Release|Any CPU
		{09011C05-429F-4304-9855-0D1273B07C6A}.Release|Any CPU.Build.0 = Release|Any CPU
		{0BEA4417-4025-4A7E-B902-55B3F5E388B0}.Debug|Any CPU.ActiveCfg = Debug|Any CPU
		{0BEA4417-4025-4A7E-B902-55B3F5E388B0}.Debug|Any CPU.Build.0 = Debug|Any CPU
		{0BEA4417-4025-4A7E-B902-55B3F5E388B0}.Release|Any CPU.ActiveCfg = Release|Any CPU
		{0BEA4417-4025-4A7E-B902-55B3F5E388B0}.Release|Any CPU.Build.0 = Release|Any CPU
		{4F9BFEA5-6D64-40CD-8ADA-46D587212D4D}.Debug|Any CPU.ActiveCfg = Debug|Any CPU
		{4F9BFEA5-6D64-40CD-8ADA-46D587212D4D}.Debug|Any CPU.Build.0 = Debug|Any CPU
		{4F9BFEA5-6D64-40CD-8ADA-46D587212D4D}.Release|Any CPU.ActiveCfg = Release|Any CPU
		{4F9BFEA5-6D64-40CD-8ADA-46D587212D4D}.Release|Any CPU.Build.0 = Release|Any CPU
		{753C95D7-965D-4A28-A8E0-148AB989CBC4}.Debug|Any CPU.ActiveCfg = Debug|Any CPU
		{753C95D7-965D-4A28-A8E0-148AB989CBC4}.Debug|Any CPU.Build.0 = Debug|Any CPU
		{753C95D7-965D-4A28-A8E0-148AB989CBC4}.Release|Any CPU.ActiveCfg = Release|Any CPU
		{753C95D7-965D-4A28-A8E0-148AB989CBC4}.Release|Any CPU.Build.0 = Release|Any CPU
	EndGlobalSection
	GlobalSection(SolutionProperties) = preSolution
		HideSolutionNode = FALSE
	EndGlobalSection
	GlobalSection(NestedProjects) = preSolution
		{2513CCE6-0DDB-4588-A62B-00A116E68F84} = {5DE41257-F6D6-4F1C-9B37-9CA56020AAE0}
		{225267A2-0774-4496-8FFF-3B1ECB02E997} = {5DE41257-F6D6-4F1C-9B37-9CA56020AAE0}
		{4F2B7892-1829-4E35-AE72-83F4BDB1FDC0} = {5DE41257-F6D6-4F1C-9B37-9CA56020AAE0}
		{893D6D33-259D-44D2-9C13-24B43DFA6393} = {BB493A26-7577-4EB0-9267-46EF1A258022}
		{167C0482-8977-4C18-9D66-D5B283C68E3B} = {BB493A26-7577-4EB0-9267-46EF1A258022}
		{09011C05-429F-4304-9855-0D1273B07C6A} = {BB493A26-7577-4EB0-9267-46EF1A258022}
		{0BEA4417-4025-4A7E-B902-55B3F5E388B0} = {9D2940BB-5CE4-4989-B974-AB0531646D99}
		{4F9BFEA5-6D64-40CD-8ADA-46D587212D4D} = {9D2940BB-5CE4-4989-B974-AB0531646D99}
		{753C95D7-965D-4A28-A8E0-148AB989CBC4} = {9D2940BB-5CE4-4989-B974-AB0531646D99}
	EndGlobalSection
	GlobalSection(ExtensibilityGlobals) = postSolution
		SolutionGuid = {C2972AE4-8AE6-4380-A852-1D29BA54709F}
	EndGlobalSection
EndGlobal
